
Microsoft Visual Studio Solution File, Format Version 12.00
# Visual Studio 15
VisualStudioVersion = 15.0.27004.2009
MinimumVisualStudioVersion = 10.0.40219.1
Project("{9A19103F-16F7-4668-BE54-9A1E7A4F7556}") = "BulletinBoard", "BulletinBoard\BulletinBoard.csproj", "{C9552ED4-2270-4BF3-8644-CE42DBA4E65E}"
EndProject
Project("{9A19103F-16F7-4668-BE54-9A1E7A4F7556}") = "BulletinBoard.Tests", "BulletinBoard.Tests\BulletinBoard.Tests.csproj", "{86F96F9E-8D88-468D-86E7-0655A24ABA28}"
EndProject
Project("{FAE04EC0-301F-11D3-BF4B-00C04F79EFBC}") = "BulletinBoard.CodedUI", "BulletinBoard.CodedUI\BulletinBoard.CodedUI.csproj", "{29720786-85B9-4A3A-9D13-938DC0E5E495}"
EndProject
Project("{FAE04EC0-301F-11D3-BF4B-00C04F79EFBC}") = "BulletinBoard.SeleniumTests", "BulletinBoard.SeleniumTests\BulletinBoard.SeleniumTests.csproj", "{E9562516-25DC-4383-91BD-9CE23A979A26}"
EndProject
Global
	GlobalSection(SolutionConfigurationPlatforms) = preSolution
		Debug|Any CPU = Debug|Any CPU
		Release|Any CPU = Release|Any CPU
	EndGlobalSection
	GlobalSection(ProjectConfigurationPlatforms) = postSolution
		{C9552ED4-2270-4BF3-8644-CE42DBA4E65E}.Debug|Any CPU.ActiveCfg = Debug|Any CPU
		{C9552ED4-2270-4BF3-8644-CE42DBA4E65E}.Debug|Any CPU.Build.0 = Debug|Any CPU
		{C9552ED4-2270-4BF3-8644-CE42DBA4E65E}.Release|Any CPU.ActiveCfg = Release|Any CPU
		{C9552ED4-2270-4BF3-8644-CE42DBA4E65E}.Release|Any CPU.Build.0 = Release|Any CPU
		{86F96F9E-8D88-468D-86E7-0655A24ABA28}.Debug|Any CPU.ActiveCfg = Debug|Any CPU
		{86F96F9E-8D88-468D-86E7-0655A24ABA28}.Debug|Any CPU.Build.0 = Debug|Any CPU
		{86F96F9E-8D88-468D-86E7-0655A24ABA28}.Release|Any CPU.ActiveCfg = Release|Any CPU
		{86F96F9E-8D88-468D-86E7-0655A24ABA28}.Release|Any CPU.Build.0 = Release|Any CPU
		{29720786-85B9-4A3A-9D13-938DC0E5E495}.Debug|Any CPU.ActiveCfg = Debug|Any CPU
		{29720786-85B9-4A3A-9D13-938DC0E5E495}.Debug|Any CPU.Build.0 = Debug|Any CPU
		{29720786-85B9-4A3A-9D13-938DC0E5E495}.Release|Any CPU.ActiveCfg = Release|Any CPU
		{29720786-85B9-4A3A-9D13-938DC0E5E495}.Release|Any CPU.Build.0 = Release|Any CPU
		{E9562516-25DC-4383-91BD-9CE23A979A26}.Debug|Any CPU.ActiveCfg = Debug|Any CPU
		{E9562516-25DC-4383-91BD-9CE23A979A26}.Debug|Any CPU.Build.0 = Debug|Any CPU
		{E9562516-25DC-4383-91BD-9CE23A979A26}.Release|Any CPU.ActiveCfg = Release|Any CPU
		{E9562516-25DC-4383-91BD-9CE23A979A26}.Release|Any CPU.Build.0 = Release|Any CPU
	EndGlobalSection
	GlobalSection(SolutionProperties) = preSolution
		HideSolutionNode = FALSE
	EndGlobalSection
	GlobalSection(ExtensibilityGlobals) = postSolution
		SolutionGuid = {5662B92B-8D0A-4381-9D5B-8EB16805DCE4}
	EndGlobalSection
EndGlobal
